
Microsoft Visual Studio Solution File, Format Version 12.00
# Visual Studio 14
VisualStudioVersion = 14.0.25420.1
MinimumVisualStudioVersion = 10.0.40219.1
Project("{FAE04EC0-301F-11D3-BF4B-00C04F79EFBC}") = "Common", "Common\Common.csproj", "{E4C305A8-2F73-44F3-8E64-4C196F05FF6C}"
EndProject
Project("{FAE04EC0-301F-11D3-BF4B-00C04F79EFBC}") = "GenericParser", "GenericParser\GenericParser.csproj", "{FE14E242-1C9B-45F4-8A83-323B14920477}"
EndProject
Project("{FAE04EC0-301F-11D3-BF4B-00C04F79EFBC}") = "ConsoleApplication1", "ConsoleApplication1\ConsoleApplication1.csproj", "{846A9074-009A-4FA2-B298-EBCA101553A3}"
EndProject
Project("{FAE04EC0-301F-11D3-BF4B-00C04F79EFBC}") = "YtsBmsGUI", "YtsBmsGUI\YtsBmsGUI.csproj", "{239E0624-FA01-4164-8FBF-B350BD8CCDD5}"
EndProject
Project("{FAE04EC0-301F-11D3-BF4B-00C04F79EFBC}") = "YtsLogic", "YtsLogic\YtsLogic.csproj", "{CC636445-7C3B-456C-8C8A-D510A568205C}"
EndProject
Project("{FAE04EC0-301F-11D3-BF4B-00C04F79EFBC}") = "Tests", "Tests\Tests.csproj", "{BD91D1DD-DE8D-4A5C-B88C-312264C73C00}"
EndProject
Global
	GlobalSection(SolutionConfigurationPlatforms) = preSolution
		Debug|Any CPU = Debug|Any CPU
		Release|Any CPU = Release|Any CPU
	EndGlobalSection
	GlobalSection(ProjectConfigurationPlatforms) = postSolution
		{E4C305A8-2F73-44F3-8E64-4C196F05FF6C}.Debug|Any CPU.ActiveCfg = Debug|Any CPU
		{E4C305A8-2F73-44F3-8E64-4C196F05FF6C}.Debug|Any CPU.Build.0 = Debug|Any CPU
		{E4C305A8-2F73-44F3-8E64-4C196F05FF6C}.Release|Any CPU.ActiveCfg = Release|Any CPU
		{E4C305A8-2F73-44F3-8E64-4C196F05FF6C}.Release|Any CPU.Build.0 = Release|Any CPU
		{FE14E242-1C9B-45F4-8A83-323B14920477}.Debug|Any CPU.ActiveCfg = Debug|Any CPU
		{FE14E242-1C9B-45F4-8A83-323B14920477}.Debug|Any CPU.Build.0 = Debug|Any CPU
		{FE14E242-1C9B-45F4-8A83-323B14920477}.Release|Any CPU.ActiveCfg = Release|Any CPU
		{FE14E242-1C9B-45F4-8A83-323B14920477}.Release|Any CPU.Build.0 = Release|Any CPU
		{846A9074-009A-4FA2-B298-EBCA101553A3}.Debug|Any CPU.ActiveCfg = Debug|Any CPU
		{846A9074-009A-4FA2-B298-EBCA101553A3}.Debug|Any CPU.Build.0 = Debug|Any CPU
		{846A9074-009A-4FA2-B298-EBCA101553A3}.Release|Any CPU.ActiveCfg = Release|Any CPU
		{846A9074-009A-4FA2-B298-EBCA101553A3}.Release|Any CPU.Build.0 = Release|Any CPU
		{239E0624-FA01-4164-8FBF-B350BD8CCDD5}.Debug|Any CPU.ActiveCfg = Debug|Any CPU
		{239E0624-FA01-4164-8FBF-B350BD8CCDD5}.Debug|Any CPU.Build.0 = Debug|Any CPU
		{239E0624-FA01-4164-8FBF-B350BD8CCDD5}.Release|Any CPU.ActiveCfg = Release|Any CPU
		{239E0624-FA01-4164-8FBF-B350BD8CCDD5}.Release|Any CPU.Build.0 = Release|Any CPU
		{CC636445-7C3B-456C-8C8A-D510A568205C}.Debug|Any CPU.ActiveCfg = Debug|Any CPU
		{CC636445-7C3B-456C-8C8A-D510A568205C}.Debug|Any CPU.Build.0 = Debug|Any CPU
		{CC636445-7C3B-456C-8C8A-D510A568205C}.Release|Any CPU.ActiveCfg = Release|Any CPU
		{CC636445-7C3B-456C-8C8A-D510A568205C}.Release|Any CPU.Build.0 = Release|Any CPU
		{BD91D1DD-DE8D-4A5C-B88C-312264C73C00}.Debug|Any CPU.ActiveCfg = Debug|Any CPU
		{BD91D1DD-DE8D-4A5C-B88C-312264C73C00}.Debug|Any CPU.Build.0 = Debug|Any CPU
		{BD91D1DD-DE8D-4A5C-B88C-312264C73C00}.Release|Any CPU.ActiveCfg = Release|Any CPU
		{BD91D1DD-DE8D-4A5C-B88C-312264C73C00}.Release|Any CPU.Build.0 = Release|Any CPU
	EndGlobalSection
	GlobalSection(SolutionProperties) = preSolution
		HideSolutionNode = FALSE
	EndGlobalSection
EndGlobal
